
Microsoft Visual Studio Solution File, Format Version 12.00
# Visual Studio Version 16
VisualStudioVersion = 16.0.29806.167
MinimumVisualStudioVersion = 10.0.40219.1
Project("{9A19103F-16F7-4668-BE54-9A1E7A4F7556}") = "PCSX2_Configurator.Frontend.Wpf", "PCSX2_Configurator.Frontend.Wpf\PCSX2_Configurator.Frontend.Wpf.csproj", "{0205867C-EBB2-4A24-8B60-FFA0F34E8DD6}"
EndProject
Project("{9A19103F-16F7-4668-BE54-9A1E7A4F7556}") = "PCSX2_Configurator.Core", "PCSX2_Configurator.Core\PCSX2_Configurator.Core.csproj", "{AA25A598-E31C-447F-96F0-9D2FF251D9EF}"
EndProject
Project("{9A19103F-16F7-4668-BE54-9A1E7A4F7556}") = "PCSX2_Configurator.Settings", "PCSX2_Configurator.Settings\PCSX2_Configurator.Settings.csproj", "{9FB272C3-90CB-41ED-A6C8-A5E1C96E981F}"
EndProject
Global
	GlobalSection(SolutionConfigurationPlatforms) = preSolution
		Debug|Any CPU = Debug|Any CPU
		Release (StyleCop)|Any CPU = Release (StyleCop)|Any CPU
		Release|Any CPU = Release|Any CPU
		SignedRelease|Any CPU = SignedRelease|Any CPU
	EndGlobalSection
	GlobalSection(ProjectConfigurationPlatforms) = postSolution
		{0205867C-EBB2-4A24-8B60-FFA0F34E8DD6}.Debug|Any CPU.ActiveCfg = Debug|Any CPU
		{0205867C-EBB2-4A24-8B60-FFA0F34E8DD6}.Debug|Any CPU.Build.0 = Debug|Any CPU
		{0205867C-EBB2-4A24-8B60-FFA0F34E8DD6}.Release (StyleCop)|Any CPU.ActiveCfg = Debug|Any CPU
		{0205867C-EBB2-4A24-8B60-FFA0F34E8DD6}.Release (StyleCop)|Any CPU.Build.0 = Debug|Any CPU
		{0205867C-EBB2-4A24-8B60-FFA0F34E8DD6}.Release|Any CPU.ActiveCfg = Release|Any CPU
		{0205867C-EBB2-4A24-8B60-FFA0F34E8DD6}.Release|Any CPU.Build.0 = Release|Any CPU
		{0205867C-EBB2-4A24-8B60-FFA0F34E8DD6}.SignedRelease|Any CPU.ActiveCfg = Debug|Any CPU
		{0205867C-EBB2-4A24-8B60-FFA0F34E8DD6}.SignedRelease|Any CPU.Build.0 = Debug|Any CPU
		{AA25A598-E31C-447F-96F0-9D2FF251D9EF}.Debug|Any CPU.ActiveCfg = Debug|Any CPU
		{AA25A598-E31C-447F-96F0-9D2FF251D9EF}.Debug|Any CPU.Build.0 = Debug|Any CPU
		{AA25A598-E31C-447F-96F0-9D2FF251D9EF}.Release (StyleCop)|Any CPU.ActiveCfg = Debug|Any CPU
		{AA25A598-E31C-447F-96F0-9D2FF251D9EF}.Release (StyleCop)|Any CPU.Build.0 = Debug|Any CPU
		{AA25A598-E31C-447F-96F0-9D2FF251D9EF}.Release|Any CPU.ActiveCfg = Release|Any CPU
		{AA25A598-E31C-447F-96F0-9D2FF251D9EF}.Release|Any CPU.Build.0 = Release|Any CPU
		{AA25A598-E31C-447F-96F0-9D2FF251D9EF}.SignedRelease|Any CPU.ActiveCfg = Debug|Any CPU
		{AA25A598-E31C-447F-96F0-9D2FF251D9EF}.SignedRelease|Any CPU.Build.0 = Debug|Any CPU
		{9FB272C3-90CB-41ED-A6C8-A5E1C96E981F}.Debug|Any CPU.ActiveCfg = Debug|Any CPU
		{9FB272C3-90CB-41ED-A6C8-A5E1C96E981F}.Debug|Any CPU.Build.0 = Debug|Any CPU
		{9FB272C3-90CB-41ED-A6C8-A5E1C96E981F}.Release (StyleCop)|Any CPU.ActiveCfg = Debug|Any CPU
		{9FB272C3-90CB-41ED-A6C8-A5E1C96E981F}.Release (StyleCop)|Any CPU.Build.0 = Debug|Any CPU
		{9FB272C3-90CB-41ED-A6C8-A5E1C96E981F}.Release|Any CPU.ActiveCfg = Release|Any CPU
		{9FB272C3-90CB-41ED-A6C8-A5E1C96E981F}.Release|Any CPU.Build.0 = Release|Any CPU
		{9FB272C3-90CB-41ED-A6C8-A5E1C96E981F}.SignedRelease|Any CPU.ActiveCfg = Debug|Any CPU
		{9FB272C3-90CB-41ED-A6C8-A5E1C96E981F}.SignedRelease|Any CPU.Build.0 = Debug|Any CPU
	EndGlobalSection
	GlobalSection(SolutionProperties) = preSolution
		HideSolutionNode = FALSE
	EndGlobalSection
	GlobalSection(ExtensibilityGlobals) = postSolution
		SolutionGuid = {984ACE20-54AF-48BB-AEE6-78628E069EFC}
	EndGlobalSection
EndGlobal
